
Microsoft Visual Studio Solution File, Format Version 12.00
# Visual Studio Version 17
VisualStudioVersion = 17.3.32819.101
MinimumVisualStudioVersion = 10.0.40219.1
Project("{9A19103F-16F7-4668-BE54-9A1E7A4F7556}") = "HostAPI", "HostProjectAPI\HostAPI.csproj", "{68BAD30F-53DD-44FC-A404-945456200F37}"
EndProject
Project("{9A19103F-16F7-4668-BE54-9A1E7A4F7556}") = "Data", "HostProjectData\Data.csproj", "{C3D37E4B-AC3B-4D39-AD21-4770BA1C0312}"
EndProject
Project("{9A19103F-16F7-4668-BE54-9A1E7A4F7556}") = "Services", "HostProjectServices\Services.csproj", "{57EDAE94-B1AE-4EA6-91A1-3544CA6E32BB}"
EndProject
Global
	GlobalSection(SolutionConfigurationPlatforms) = preSolution
		Debug|Any CPU = Debug|Any CPU
		Release|Any CPU = Release|Any CPU
	EndGlobalSection
	GlobalSection(ProjectConfigurationPlatforms) = postSolution
		{68BAD30F-53DD-44FC-A404-945456200F37}.Debug|Any CPU.ActiveCfg = Debug|Any CPU
		{68BAD30F-53DD-44FC-A404-945456200F37}.Debug|Any CPU.Build.0 = Debug|Any CPU
		{68BAD30F-53DD-44FC-A404-945456200F37}.Release|Any CPU.ActiveCfg = Release|Any CPU
		{68BAD30F-53DD-44FC-A404-945456200F37}.Release|Any CPU.Build.0 = Release|Any CPU
		{C3D37E4B-AC3B-4D39-AD21-4770BA1C0312}.Debug|Any CPU.ActiveCfg = Debug|Any CPU
		{C3D37E4B-AC3B-4D39-AD21-4770BA1C0312}.Debug|Any CPU.Build.0 = Debug|Any CPU
		{C3D37E4B-AC3B-4D39-AD21-4770BA1C0312}.Release|Any CPU.ActiveCfg = Release|Any CPU
		{C3D37E4B-AC3B-4D39-AD21-4770BA1C0312}.Release|Any CPU.Build.0 = Release|Any CPU
		{57EDAE94-B1AE-4EA6-91A1-3544CA6E32BB}.Debug|Any CPU.ActiveCfg = Debug|Any CPU
		{57EDAE94-B1AE-4EA6-91A1-3544CA6E32BB}.Debug|Any CPU.Build.0 = Debug|Any CPU
		{57EDAE94-B1AE-4EA6-91A1-3544CA6E32BB}.Release|Any CPU.ActiveCfg = Release|Any CPU
		{57EDAE94-B1AE-4EA6-91A1-3544CA6E32BB}.Release|Any CPU.Build.0 = Release|Any CPU
	EndGlobalSection
	GlobalSection(SolutionProperties) = preSolution
		HideSolutionNode = FALSE
	EndGlobalSection
	GlobalSection(ExtensibilityGlobals) = postSolution
		SolutionGuid = {2A33B3B6-A6ED-433D-BDA1-8779FA7EBD45}
	EndGlobalSection
EndGlobal
